
Microsoft Visual Studio Solution File, Format Version 12.00
# Visual Studio Version 17
VisualStudioVersion = 17.7.34018.315
MinimumVisualStudioVersion = 10.0.40219.1
Project("{FAE04EC0-301F-11D3-BF4B-00C04F79EFBC}") = "GenerandoExcel", "GenerandoExcel\GenerandoExcel.csproj", "{09EBFBB5-DB78-44CF-AFCB-426C1AB7761C}"
EndProject
Global
	GlobalSection(SolutionConfigurationPlatforms) = preSolution
		Debug|Any CPU = Debug|Any CPU
		Release|Any CPU = Release|Any CPU
	EndGlobalSection
	GlobalSection(ProjectConfigurationPlatforms) = postSolution
		{09EBFBB5-DB78-44CF-AFCB-426C1AB7761C}.Debug|Any CPU.ActiveCfg = Debug|Any CPU
		{09EBFBB5-DB78-44CF-AFCB-426C1AB7761C}.Debug|Any CPU.Build.0 = Debug|Any CPU
		{09EBFBB5-DB78-44CF-AFCB-426C1AB7761C}.Release|Any CPU.ActiveCfg = Release|Any CPU
		{09EBFBB5-DB78-44CF-AFCB-426C1AB7761C}.Release|Any CPU.Build.0 = Release|Any CPU
	EndGlobalSection
	GlobalSection(SolutionProperties) = preSolution
		HideSolutionNode = FALSE
	EndGlobalSection
	GlobalSection(ExtensibilityGlobals) = postSolution
		SolutionGuid = {5A1C321C-F926-4FAB-93E3-758A3A74BDEB}
	EndGlobalSection
EndGlobal
